
Microsoft Visual Studio Solution File, Format Version 12.00
# Visual Studio Version 16
VisualStudioVersion = 16.0.30011.22
MinimumVisualStudioVersion = 10.0.40219.1
Project("{FAE04EC0-301F-11D3-BF4B-00C04F79EFBC}") = "EdinburghQuiz", "EdinburghQuiz\EdinburghQuiz.csproj", "{C7DBAB24-A2A4-42EE-8F0A-DF17B02482CA}"
EndProject
Global
	GlobalSection(SolutionConfigurationPlatforms) = preSolution
		Debug|Any CPU = Debug|Any CPU
		Release|Any CPU = Release|Any CPU
	EndGlobalSection
	GlobalSection(ProjectConfigurationPlatforms) = postSolution
		{C7DBAB24-A2A4-42EE-8F0A-DF17B02482CA}.Debug|Any CPU.ActiveCfg = Debug|Any CPU
		{C7DBAB24-A2A4-42EE-8F0A-DF17B02482CA}.Debug|Any CPU.Build.0 = Debug|Any CPU
		{C7DBAB24-A2A4-42EE-8F0A-DF17B02482CA}.Release|Any CPU.ActiveCfg = Release|Any CPU
		{C7DBAB24-A2A4-42EE-8F0A-DF17B02482CA}.Release|Any CPU.Build.0 = Release|Any CPU
	EndGlobalSection
	GlobalSection(SolutionProperties) = preSolution
		HideSolutionNode = FALSE
	EndGlobalSection
	GlobalSection(ExtensibilityGlobals) = postSolution
		SolutionGuid = {BD2F8C2D-CF93-4BEF-8EEC-EA691FC29662}
	EndGlobalSection
EndGlobal
